github.com/bradleypeabody/gouuidv6 v0.0.0-20210725191436-99413e4b686d h1:454g/3YuIhaUvxW62zglpNKqcdCkKW78sMxYzXcpW/U=
github.com/bradleypeabody/gouuidv6 v0.0.0-20210725191436-99413e4b686d/go.mod h1:i65jnBI74o8BgpwHXpADphZwnTJhDUDBTE/ICnGun6I=
github.com/google/uuid v1.3.0 h1:t6JiXgmwXMjEs8VusXIJk2BXHsn+wx8BZdTaoZ5fu7I=
github.com/google/uuid v1.3.0/go.mod h1:TIyPZe4MgqvfeYDBFedMoGGpEw/LqOeaOT+nhxU+yHo=
